
Microsoft Visual Studio Solution File, Format Version 12.00
# Visual Studio 15
VisualStudioVersion = 15.0.28307.1022
MinimumVisualStudioVersion = 10.0.40219.1
Project("{FAE04EC0-301F-11D3-BF4B-00C04F79EFBC}") = "BlogAPI", "BlogAPI\BlogAPI.csproj", "{0A1494B4-BC28-4A79-8E49-821E6DA919A5}"
EndProject
Global
	GlobalSection(SolutionConfigurationPlatforms) = preSolution
		Debug|Any CPU = Debug|Any CPU
		Release|Any CPU = Release|Any CPU
	EndGlobalSection
	GlobalSection(ProjectConfigurationPlatforms) = postSolution
		{0A1494B4-BC28-4A79-8E49-821E6DA919A5}.Debug|Any CPU.ActiveCfg = Debug|Any CPU
		{0A1494B4-BC28-4A79-8E49-821E6DA919A5}.Debug|Any CPU.Build.0 = Debug|Any CPU
		{0A1494B4-BC28-4A79-8E49-821E6DA919A5}.Release|Any CPU.ActiveCfg = Release|Any CPU
		{0A1494B4-BC28-4A79-8E49-821E6DA919A5}.Release|Any CPU.Build.0 = Release|Any CPU
	EndGlobalSection
	GlobalSection(SolutionProperties) = preSolution
		HideSolutionNode = FALSE
	EndGlobalSection
	GlobalSection(ExtensibilityGlobals) = postSolution
		SolutionGuid = {70357A79-F172-4708-8A35-67DC9BDD26E0}
	EndGlobalSection
EndGlobal
